
Microsoft Visual Studio Solution File, Format Version 12.00
# Visual Studio Version 17
VisualStudioVersion = 17.5.33627.172
MinimumVisualStudioVersion = 10.0.40219.1
Project("{FAE04EC0-301F-11D3-BF4B-00C04F79EFBC}") = "LinkedListMergeExercise", "LinkedListMergeExercise\LinkedListMergeExercise.csproj", "{5B9C4835-A623-4531-B54E-BD844A2FF45A}"
EndProject
Global
	GlobalSection(SolutionConfigurationPlatforms) = preSolution
		Debug|Any CPU = Debug|Any CPU
		Release|Any CPU = Release|Any CPU
	EndGlobalSection
	GlobalSection(ProjectConfigurationPlatforms) = postSolution
		{5B9C4835-A623-4531-B54E-BD844A2FF45A}.Debug|Any CPU.ActiveCfg = Debug|Any CPU
		{5B9C4835-A623-4531-B54E-BD844A2FF45A}.Debug|Any CPU.Build.0 = Debug|Any CPU
		{5B9C4835-A623-4531-B54E-BD844A2FF45A}.Release|Any CPU.ActiveCfg = Release|Any CPU
		{5B9C4835-A623-4531-B54E-BD844A2FF45A}.Release|Any CPU.Build.0 = Release|Any CPU
	EndGlobalSection
	GlobalSection(SolutionProperties) = preSolution
		HideSolutionNode = FALSE
	EndGlobalSection
	GlobalSection(ExtensibilityGlobals) = postSolution
		SolutionGuid = {6A0D7D21-3E11-432C-9657-24260A872285}
	EndGlobalSection
EndGlobal
