
Microsoft Visual Studio Solution File, Format Version 12.00
# Visual Studio Version 17
VisualStudioVersion = 17.5.33627.172
MinimumVisualStudioVersion = 10.0.40219.1
Project("{FAE04EC0-301F-11D3-BF4B-00C04F79EFBC}") = "FindTheMedianExercise", "FindTheMedianExercise\FindTheMedianExercise.csproj", "{8F7BEC13-8FE6-4C6B-9B8A-F3EF80BC4284}"
EndProject
Global
	GlobalSection(SolutionConfigurationPlatforms) = preSolution
		Debug|Any CPU = Debug|Any CPU
		Release|Any CPU = Release|Any CPU
	EndGlobalSection
	GlobalSection(ProjectConfigurationPlatforms) = postSolution
		{8F7BEC13-8FE6-4C6B-9B8A-F3EF80BC4284}.Debug|Any CPU.ActiveCfg = Debug|Any CPU
		{8F7BEC13-8FE6-4C6B-9B8A-F3EF80BC4284}.Debug|Any CPU.Build.0 = Debug|Any CPU
		{8F7BEC13-8FE6-4C6B-9B8A-F3EF80BC4284}.Release|Any CPU.ActiveCfg = Release|Any CPU
		{8F7BEC13-8FE6-4C6B-9B8A-F3EF80BC4284}.Release|Any CPU.Build.0 = Release|Any CPU
	EndGlobalSection
	GlobalSection(SolutionProperties) = preSolution
		HideSolutionNode = FALSE
	EndGlobalSection
	GlobalSection(ExtensibilityGlobals) = postSolution
		SolutionGuid = {B820AD6A-38E1-4ECB-B6CA-2CCC7AD02457}
	EndGlobalSection
EndGlobal
